
Microsoft Visual Studio Solution File, Format Version 12.00
# Visual Studio Version 17
VisualStudioVersion = 17.13.35825.156
MinimumVisualStudioVersion = 10.0.40219.1
Project("{FAE04EC0-301F-11D3-BF4B-00C04F79EFBC}") = "Questions", "Questions\Questions.csproj", "{5FE5411D-9F0A-4218-B012-0C423968DEDE}"
EndProject
Project("{FAE04EC0-301F-11D3-BF4B-00C04F79EFBC}") = "Collections", "Collections\Collections.csproj", "{8E0213B7-F44D-4D61-A560-4A8728BD8DBD}"
EndProject
Project("{FAE04EC0-301F-11D3-BF4B-00C04F79EFBC}") = "OnlineBanking", "OnlineBanking\OnlineBanking.csproj", "{8E1933D2-506B-4F84-8108-38511271221C}"
EndProject
Project("{FAE04EC0-301F-11D3-BF4B-00C04F79EFBC}") = "Linq", "Linq\Linq.csproj", "{0E8F4632-A642-442D-88A4-3A37B907BAA6}"
EndProject
Project("{FAE04EC0-301F-11D3-BF4B-00C04F79EFBC}") = "Basic", "Basic\Basic.csproj", "{ED4F3134-2553-4BD0-A2F4-41BA569ECC54}"
EndProject
Project("{FAE04EC0-301F-11D3-BF4B-00C04F79EFBC}") = "Oops", "Oops\Oops.csproj", "{F2C1064E-3BFA-482E-82F3-0CEA87B62CFD}"
EndProject
Project("{FAE04EC0-301F-11D3-BF4B-00C04F79EFBC}") = "Question_Week4_5", "Question_Week4_5\Question_Week4_5.csproj", "{95F2CF07-372A-41D6-8B19-2421F94F8F38}"
EndProject
Project("{FAE04EC0-301F-11D3-BF4B-00C04F79EFBC}") = "EntityFramework", "EntityFramework\EntityFramework.csproj", "{0866F478-18F9-4828-8729-7BC28FE0E81D}"
EndProject
Project("{FAE04EC0-301F-11D3-BF4B-00C04F79EFBC}") = "EF_DBF", "EF_DBF\EF_DBF.csproj", "{312762B6-8486-4B0A-B612-FBC955C1D159}"
EndProject
Project("{FAE04EC0-301F-11D3-BF4B-00C04F79EFBC}") = "EF_CF", "EF_CF\EF_CF.csproj", "{889DBDAF-7335-42B0-8028-90BEF33CDFDD}"
EndProject
Project("{FAE04EC0-301F-11D3-BF4B-00C04F79EFBC}") = "CF_Migrations", "CF_Migrations\CF_Migrations.csproj", "{1A974F19-1407-4B1B-9FEF-DAC9A4B7EF02}"
EndProject
Project("{FAE04EC0-301F-11D3-BF4B-00C04F79EFBC}") = "E_Commerce", "E_Commerce\E_Commerce.csproj", "{AA219BD8-6992-4138-879F-76D2E9C275A9}"
EndProject
Project("{FAE04EC0-301F-11D3-BF4B-00C04F79EFBC}") = "AssetManagement", "AssetManagement\AssetManagement.csproj", "{24D1FD23-711D-4976-88D9-D37E52D7CFDE}"
EndProject
Global
	GlobalSection(SolutionConfigurationPlatforms) = preSolution
		Debug|Any CPU = Debug|Any CPU
		Release|Any CPU = Release|Any CPU
	EndGlobalSection
	GlobalSection(ProjectConfigurationPlatforms) = postSolution
		{5FE5411D-9F0A-4218-B012-0C423968DEDE}.Debug|Any CPU.ActiveCfg = Debug|Any CPU
		{5FE5411D-9F0A-4218-B012-0C423968DEDE}.Debug|Any CPU.Build.0 = Debug|Any CPU
		{5FE5411D-9F0A-4218-B012-0C423968DEDE}.Release|Any CPU.ActiveCfg = Release|Any CPU
		{5FE5411D-9F0A-4218-B012-0C423968DEDE}.Release|Any CPU.Build.0 = Release|Any CPU
		{8E0213B7-F44D-4D61-A560-4A8728BD8DBD}.Debug|Any CPU.ActiveCfg = Debug|Any CPU
		{8E0213B7-F44D-4D61-A560-4A8728BD8DBD}.Debug|Any CPU.Build.0 = Debug|Any CPU
		{8E0213B7-F44D-4D61-A560-4A8728BD8DBD}.Release|Any CPU.ActiveCfg = Release|Any CPU
		{8E0213B7-F44D-4D61-A560-4A8728BD8DBD}.Release|Any CPU.Build.0 = Release|Any CPU
		{8E1933D2-506B-4F84-8108-38511271221C}.Debug|Any CPU.ActiveCfg = Debug|Any CPU
		{8E1933D2-506B-4F84-8108-38511271221C}.Debug|Any CPU.Build.0 = Debug|Any CPU
		{8E1933D2-506B-4F84-8108-38511271221C}.Release|Any CPU.ActiveCfg = Release|Any CPU
		{8E1933D2-506B-4F84-8108-38511271221C}.Release|Any CPU.Build.0 = Release|Any CPU
		{0E8F4632-A642-442D-88A4-3A37B907BAA6}.Debug|Any CPU.ActiveCfg = Debug|Any CPU
		{0E8F4632-A642-442D-88A4-3A37B907BAA6}.Debug|Any CPU.Build.0 = Debug|Any CPU
		{0E8F4632-A642-442D-88A4-3A37B907BAA6}.Release|Any CPU.ActiveCfg = Release|Any CPU
		{0E8F4632-A642-442D-88A4-3A37B907BAA6}.Release|Any CPU.Build.0 = Release|Any CPU
		{ED4F3134-2553-4BD0-A2F4-41BA569ECC54}.Debug|Any CPU.ActiveCfg = Debug|Any CPU
		{ED4F3134-2553-4BD0-A2F4-41BA569ECC54}.Debug|Any CPU.Build.0 = Debug|Any CPU
		{ED4F3134-2553-4BD0-A2F4-41BA569ECC54}.Release|Any CPU.ActiveCfg = Release|Any CPU
		{ED4F3134-2553-4BD0-A2F4-41BA569ECC54}.Release|Any CPU.Build.0 = Release|Any CPU
		{F2C1064E-3BFA-482E-82F3-0CEA87B62CFD}.Debug|Any CPU.ActiveCfg = Debug|Any CPU
		{F2C1064E-3BFA-482E-82F3-0CEA87B62CFD}.Debug|Any CPU.Build.0 = Debug|Any CPU
		{F2C1064E-3BFA-482E-82F3-0CEA87B62CFD}.Release|Any CPU.ActiveCfg = Release|Any CPU
		{F2C1064E-3BFA-482E-82F3-0CEA87B62CFD}.Release|Any CPU.Build.0 = Release|Any CPU
		{95F2CF07-372A-41D6-8B19-2421F94F8F38}.Debug|Any CPU.ActiveCfg = Debug|Any CPU
		{95F2CF07-372A-41D6-8B19-2421F94F8F38}.Debug|Any CPU.Build.0 = Debug|Any CPU
		{95F2CF07-372A-41D6-8B19-2421F94F8F38}.Release|Any CPU.ActiveCfg = Release|Any CPU
		{95F2CF07-372A-41D6-8B19-2421F94F8F38}.Release|Any CPU.Build.0 = Release|Any CPU
		{0866F478-18F9-4828-8729-7BC28FE0E81D}.Debug|Any CPU.ActiveCfg = Debug|Any CPU
		{0866F478-18F9-4828-8729-7BC28FE0E81D}.Debug|Any CPU.Build.0 = Debug|Any CPU
		{0866F478-18F9-4828-8729-7BC28FE0E81D}.Release|Any CPU.ActiveCfg = Release|Any CPU
		{0866F478-18F9-4828-8729-7BC28FE0E81D}.Release|Any CPU.Build.0 = Release|Any CPU
		{312762B6-8486-4B0A-B612-FBC955C1D159}.Debug|Any CPU.ActiveCfg = Debug|Any CPU
		{312762B6-8486-4B0A-B612-FBC955C1D159}.Debug|Any CPU.Build.0 = Debug|Any CPU
		{312762B6-8486-4B0A-B612-FBC955C1D159}.Release|Any CPU.ActiveCfg = Release|Any CPU
		{312762B6-8486-4B0A-B612-FBC955C1D159}.Release|Any CPU.Build.0 = Release|Any CPU
		{889DBDAF-7335-42B0-8028-90BEF33CDFDD}.Debug|Any CPU.ActiveCfg = Debug|Any CPU
		{889DBDAF-7335-42B0-8028-90BEF33CDFDD}.Debug|Any CPU.Build.0 = Debug|Any CPU
		{889DBDAF-7335-42B0-8028-90BEF33CDFDD}.Release|Any CPU.ActiveCfg = Release|Any CPU
		{889DBDAF-7335-42B0-8028-90BEF33CDFDD}.Release|Any CPU.Build.0 = Release|Any CPU
		{1A974F19-1407-4B1B-9FEF-DAC9A4B7EF02}.Debug|Any CPU.ActiveCfg = Debug|Any CPU
		{1A974F19-1407-4B1B-9FEF-DAC9A4B7EF02}.Debug|Any CPU.Build.0 = Debug|Any CPU
		{1A974F19-1407-4B1B-9FEF-DAC9A4B7EF02}.Release|Any CPU.ActiveCfg = Release|Any CPU
		{1A974F19-1407-4B1B-9FEF-DAC9A4B7EF02}.Release|Any CPU.Build.0 = Release|Any CPU
		{AA219BD8-6992-4138-879F-76D2E9C275A9}.Debug|Any CPU.ActiveCfg = Debug|Any CPU
		{AA219BD8-6992-4138-879F-76D2E9C275A9}.Debug|Any CPU.Build.0 = Debug|Any CPU
		{AA219BD8-6992-4138-879F-76D2E9C275A9}.Release|Any CPU.ActiveCfg = Release|Any CPU
		{AA219BD8-6992-4138-879F-76D2E9C275A9}.Release|Any CPU.Build.0 = Release|Any CPU
		{24D1FD23-711D-4976-88D9-D37E52D7CFDE}.Debug|Any CPU.ActiveCfg = Debug|Any CPU
		{24D1FD23-711D-4976-88D9-D37E52D7CFDE}.Debug|Any CPU.Build.0 = Debug|Any CPU
		{24D1FD23-711D-4976-88D9-D37E52D7CFDE}.Release|Any CPU.ActiveCfg = Release|Any CPU
		{24D1FD23-711D-4976-88D9-D37E52D7CFDE}.Release|Any CPU.Build.0 = Release|Any CPU
	EndGlobalSection
	GlobalSection(SolutionProperties) = preSolution
		HideSolutionNode = FALSE
	EndGlobalSection
	GlobalSection(ExtensibilityGlobals) = postSolution
		SolutionGuid = {A08AB588-D2E8-4FF9-8DFB-A31F0B53A79F}
	EndGlobalSection
EndGlobal
